// !$*UTF8*$!
{
	archiveVersion = 1;
	classes = {
	};
	objectVersion = 50;
	objects = {

/* Begin PBXBuildFile section */
		493C287F2449085400985DC4 /* AppDelegate.swift in Sources */ = {isa = PBXBuildFile; fileRef = 493C287E2449085400985DC4 /* AppDelegate.swift */; };
		493C28812449085400985DC4 /* SceneDelegate.swift in Sources */ = {isa = PBXBuildFile; fileRef = 493C28802449085400985DC4 /* SceneDelegate.swift */; };
		493C28832449085400985DC4 /* ViewController.swift in Sources */ = {isa = PBXBuildFile; fileRef = 493C28822449085400985DC4 /* ViewController.swift */; };
		493C28862449085400985DC4 /* Main.storyboard in Resources */ = {isa = PBXBuildFile; fileRef = 493C28842449085400985DC4 /* Main.storyboard */; };
		493C28882449085A00985DC4 /* Assets.xcassets in Resources */ = {isa = PBXBuildFile; fileRef = 493C28872449085A00985DC4 /* Assets.xcassets */; };
		493C288B2449085A00985DC4 /* LaunchScreen.storyboard in Resources */ = {isa = PBXBuildFile; fileRef = 493C28892449085A00985DC4 /* LaunchScreen.storyboard */; };
		493C28962449085A00985DC4 /* lab5Tests.swift in Sources */ = {isa = PBXBuildFile; fileRef = 493C28952449085A00985DC4 /* lab5Tests.swift */; };
		493C28A12449085A00985DC4 /* lab5UITests.swift in Sources */ = {isa = PBXBuildFile; fileRef = 493C28A02449085A00985DC4 /* lab5UITests.swift */; };
/* End PBXBuildFile section */

/* Begin PBXContainerItemProxy section */
		493C28922449085A00985DC4 /* PBXContainerItemProxy */ = {
			isa = PBXContainerItemProxy;
			containerPortal = 493C28732449085400985DC4 /* Project object */;
			proxyType = 1;
			remoteGlobalIDString = 493C287A2449085400985DC4;
			remoteInfo = lab5;
		};
		493C289D2449085A00985DC4 /* PBXContainerItemProxy */ = {
			isa = PBXContainerItemProxy;
			containerPortal = 493C28732449085400985DC4 /* Project object */;
			proxyType = 1;
			remoteGlobalIDString = 493C287A2449085400985DC4;
			remoteInfo = lab5;
		};
/* End PBXContainerItemProxy section */

/* Begin PBXFileReference section */
		493C287B2449085400985DC4 /* lab5.app */ = {isa = PBXFileReference; explicitFileType = wrapper.application; includeInIndex = 0; path = lab5.app; sourceTree = BUILT_PRODUCTS_DIR; };
		493C287E2449085400985DC4 /* AppDelegate.swift */ = {isa = PBXFileReference; lastKnownFileType = sourcecode.swift; path = AppDelegate.swift; sourceTree = "<group>"; };
		493C28802449085400985DC4 /* SceneDelegate.swift */ = {isa = PBXFileReference; lastKnownFileType = sourcecode.swift; path = SceneDelegate.swift; sourceTree = "<group>"; };
		493C28822449085400985DC4 /* ViewController.swift */ = {isa = PBXFileReference; lastKnownFileType = sourcecode.swift; path = ViewController.swift; sourceTree = "<group>"; };
		493C28852449085400985DC4 /* Base */ = {isa = PBXFileReference; lastKnownFileType = file.storyboard; name = Base; path = Base.lproj/Main.storyboard; sourceTree = "<group>"; };
		493C28872449085A00985DC4 /* Assets.xcassets */ = {isa = PBXFileReference; lastKnownFileType = folder.assetcatalog; path = Assets.xcassets; sourceTree = "<group>"; };
		493C288A2449085A00985DC4 /* Base */ = {isa = PBXFileReference; lastKnownFileType = file.storyboard; name = Base; path = Base.lproj/LaunchScreen.storyboard; sourceTree = "<group>"; };
		493C288C2449085A00985DC4 /* Info.plist */ = {isa = PBXFileReference; lastKnownFileType = text.plist.xml; path = Info.plist; sourceTree = "<group>"; };
		493C28912449085A00985DC4 /* lab5Tests.xctest */ = {isa = PBXFileReference; explicitFileType = wrapper.cfbundle; includeInIndex = 0; path = lab5Tests.xctest; sourceTree = BUILT_PRODUCTS_DIR; };
		493C28952449085A00985DC4 /* lab5Tests.swift */ = {isa = PBXFileReference; lastKnownFileType = sourcecode.swift; path = lab5Tests.swift; sourceTree = "<group>"; };
		493C28972449085A00985DC4 /* Info.plist */ = {isa = PBXFileReference; lastKnownFileType = text.plist.xml; path = Info.plist; sourceTree = "<group>"; };
		493C289C2449085A00985DC4 /* lab5UITests.xctest */ = {isa = PBXFileReference; explicitFileType = wrapper.cfbundle; includeInIndex = 0; path = lab5UITests.xctest; sourceTree = BUILT_PRODUCTS_DIR; };
		493C28A02449085A00985DC4 /* lab5UITests.swift */ = {isa = PBXFileReference; lastKnownFileType = sourcecode.swift; path = lab5UITests.swift; sourceTree = "<group>"; };
		493C28A22449085A00985DC4 /* Info.plist */ = {isa = PBXFileReference; lastKnownFileType = text.plist.xml; path = Info.plist; sourceTree = "<group>"; };
/* End PBXFileReference section */

/* Begin PBXFrameworksBuildPhase section */
		493C28782449085400985DC4 /* Frameworks */ = {
			isa = PBXFrameworksBuildPhase;
			buildActionMask = 2147483647;
			files = (
			);
			runOnlyForDeploymentPostprocessing = 0;
		};
		493C288E2449085A00985DC4 /* Frameworks */ = {
			isa = PBXFrameworksBuildPhase;
			buildActionMask = 2147483647;
			files = (
			);
			runOnlyForDeploymentPostprocessing = 0;
		};
		493C28992449085A00985DC4 /* Frameworks */ = {
			isa = PBXFrameworksBuildPhase;
			buildActionMask = 2147483647;
			files = (
			);
			runOnlyForDeploymentPostprocessing = 0;
		};
/* End PBXFrameworksBuildPhase section */

/* Begin PBXGroup section */
		493C28722449085400985DC4 = {
			isa = PBXGroup;
			children = (
				493C287D2449085400985DC4 /* lab5 */,
				493C28942449085A00985DC4 /* lab5Tests */,
				493C289F2449085A00985DC4 /* lab5UITests */,
				493C287C2449085400985DC4 /* Products */,
			);
			sourceTree = "<group>";
		};
		493C287C2449085400985DC4 /* Products */ = {
			isa = PBXGroup;
			children = (
				493C287B2449085400985DC4 /* lab5.app */,
				493C28912449085A00985DC4 /* lab5Tests.xctest */,
				493C289C2449085A00985DC4 /* lab5UITests.xctest */,
			);
			name = Products;
			sourceTree = "<group>";
		};
		493C287D2449085400985DC4 /* lab5 */ = {
			isa = PBXGroup;
			children = (
				493C287E2449085400985DC4 /* AppDelegate.swift */,
				493C28802449085400985DC4 /* SceneDelegate.swift */,
				493C28822449085400985DC4 /* ViewController.swift */,
				493C28842449085400985DC4 /* Main.storyboard */,
				493C28872449085A00985DC4 /* Assets.xcassets */,
				493C28892449085A00985DC4 /* LaunchScreen.storyboard */,
				493C288C2449085A00985DC4 /* Info.plist */,
			);
			path = lab5;
			sourceTree = "<group>";
		};
		493C28942449085A00985DC4 /* lab5Tests */ = {
			isa = PBXGroup;
			children = (
				493C28952449085A00985DC4 /* lab5Tests.swift */,
				493C28972449085A00985DC4 /* Info.plist */,
			);
			path = lab5Tests;
			sourceTree = "<group>";
		};
		493C289F2449085A00985DC4 /* lab5UITests */ = {
			isa = PBXGroup;
			children = (
				493C28A02449085A00985DC4 /* lab5UITests.swift */,
				493C28A22449085A00985DC4 /* Info.plist */,
			);
			path = lab5UITests;
			sourceTree = "<group>";
		};
/* End PBXGroup section */

/* Begin PBXNativeTarget section */
		493C287A2449085400985DC4 /* lab5 */ = {
			isa = PBXNativeTarget;
			buildConfigurationList = 493C28A52449085A00985DC4 /* Build configuration list for PBXNativeTarget "lab5" */;
			buildPhases = (
				493C28772449085400985DC4 /* Sources */,
				493C28782449085400985DC4 /* Frameworks */,
				493C28792449085400985DC4 /* Resources */,
			);
			buildRules = (
			);
			dependencies = (
			);
			name = lab5;
			productName = lab5;
			productReference = 493C287B2449085400985DC4 /* lab5.app */;
			productType = "com.apple.product-type.application";
		};
		493C28902449085A00985DC4 /* lab5Tests */ = {
			isa = PBXNativeTarget;
			buildConfigurationList = 493C28A82449085A00985DC4 /* Build configuration list for PBXNativeTarget "lab5Tests" */;
			buildPhases = (
				493C288D2449085A00985DC4 /* Sources */,
				493C288E2449085A00985DC4 /* Frameworks */,
				493C288F2449085A00985DC4 /* Resources */,
			);
			buildRules = (
			);
			dependencies = (
				493C28932449085A00985DC4 /* PBXTargetDependency */,
			);
			name = lab5Tests;
			productName = lab5Tests;
			productReference = 493C28912449085A00985DC4 /* lab5Tests.xctest */;
			productType = "com.apple.product-type.bundle.unit-test";
		};
		493C289B2449085A00985DC4 /* lab5UITests */ = {
			isa = PBXNativeTarget;
			buildConfigurationList = 493C28AB2449085A00985DC4 /* Build configuration list for PBXNativeTarget "lab5UITests" */;
			buildPhases = (
				493C28982449085A00985DC4 /* Sources */,
				493C28992449085A00985DC4 /* Frameworks */,
				493C289A2449085A00985DC4 /* Resources */,
			);
			buildRules = (
			);
			dependencies = (
				493C289E2449085A00985DC4 /* PBXTargetDependency */,
			);
			name = lab5UITests;
			productName = lab5UITests;
			productReference = 493C289C2449085A00985DC4 /* lab5UITests.xctest */;
			productType = "com.apple.product-type.bundle.ui-testing";
		};
/* End PBXNativeTarget section */

/* Begin PBXProject section */
		493C28732449085400985DC4 /* Project object */ = {
			isa = PBXProject;
			attributes = {
				LastSwiftUpdateCheck = 1140;
				LastUpgradeCheck = 1140;
				ORGANIZATIONNAME = "Marc PEREZ";
				TargetAttributes = {
					493C287A2449085400985DC4 = {
						CreatedOnToolsVersion = 11.4.1;
					};
					493C28902449085A00985DC4 = {
						CreatedOnToolsVersion = 11.4.1;
						TestTargetID = 493C287A2449085400985DC4;
					};
					493C289B2449085A00985DC4 = {
						CreatedOnToolsVersion = 11.4.1;
						TestTargetID = 493C287A2449085400985DC4;
					};
				};
			};
			buildConfigurationList = 493C28762449085400985DC4 /* Build configuration list for PBXProject "lab5" */;
			compatibilityVersion = "Xcode 9.3";
			developmentRegion = en;
			hasScannedForEncodings = 0;
			knownRegions = (
				en,
				Base,
			);
			mainGroup = 493C28722449085400985DC4;
			productRefGroup = 493C287C2449085400985DC4 /* Products */;
			projectDirPath = "";
			projectRoot = "";
			targets = (
				493C287A2449085400985DC4 /* lab5 */,
				493C28902449085A00985DC4 /* lab5Tests */,
				493C289B2449085A00985DC4 /* lab5UITests */,
			);
		};
/* End PBXProject section */

/* Begin PBXResourcesBuildPhase section */
		493C28792449085400985DC4 /* Resources */ = {
			isa = PBXResourcesBuildPhase;
			buildActionMask = 2147483647;
			files = (
				493C288B2449085A00985DC4 /* LaunchScreen.storyboard in Resources */,
				493C28882449085A00985DC4 /* Assets.xcassets in Resources */,
				493C28862449085400985DC4 /* Main.storyboard in Resources */,
			);
			runOnlyForDeploymentPostprocessing = 0;
		};
		493C288F2449085A00985DC4 /* Resources */ = {
			isa = PBXResourcesBuildPhase;
			buildActionMask = 2147483647;
			files = (
			);
			runOnlyForDeploymentPostprocessing = 0;
		};
		493C289A2449085A00985DC4 /* Resources */ = {
			isa = PBXResourcesBuildPhase;
			buildActionMask = 2147483647;
			files = (
			);
			runOnlyForDeploymentPostprocessing = 0;
		};
/* End PBXResourcesBuildPhase section */

/* Begin PBXSourcesBuildPhase section */
		493C28772449085400985DC4 /* Sources */ = {
			isa = PBXSourcesBuildPhase;
			buildActionMask = 2147483647;
			files = (
				493C28832449085400985DC4 /* ViewController.swift in Sources */,
				493C287F2449085400985DC4 /* AppDelegate.swift in Sources */,
				493C28812449085400985DC4 /* SceneDelegate.swift in Sources */,
			);
			runOnlyForDeploymentPostprocessing = 0;
		};
		493C288D2449085A00985DC4 /* Sources */ = {
			isa = PBXSourcesBuildPhase;
			buildActionMask = 2147483647;
			files = (
				493C28962449085A00985DC4 /* lab5Tests.swift in Sources */,
			);
			runOnlyForDeploymentPostprocessing = 0;
		};
		493C28982449085A00985DC4 /* Sources */ = {
			isa = PBXSourcesBuildPhase;
			buildActionMask = 2147483647;
			files = (
				493C28A12449085A00985DC4 /* lab5UITests.swift in Sources */,
			);
			runOnlyForDeploymentPostprocessing = 0;
		};
/* End PBXSourcesBuildPhase section */

/* Begin PBXTargetDependency section */
		493C28932449085A00985DC4 /* PBXTargetDependency */ = {
			isa = PBXTargetDependency;
			target = 493C287A2449085400985DC4 /* lab5 */;
			targetProxy = 493C28922449085A00985DC4 /* PBXContainerItemProxy */;
		};
		493C289E2449085A00985DC4 /* PBXTargetDependency */ = {
			isa = PBXTargetDependency;
			target = 493C287A2449085400985DC4 /* lab5 */;
			targetProxy = 493C289D2449085A00985DC4 /* PBXContainerItemProxy */;
		};
/* End PBXTargetDependency section */

/* Begin PBXVariantGroup section */
		493C28842449085400985DC4 /* Main.storyboard */ = {
			isa = PBXVariantGroup;
			children = (
				493C28852449085400985DC4 /* Base */,
			);
			name = Main.storyboard;
			sourceTree = "<group>";
		};
		493C28892449085A00985DC4 /* LaunchScreen.storyboard */ = {
			isa = PBXVariantGroup;
			children = (
				493C288A2449085A00985DC4 /* Base */,
			);
			name = LaunchScreen.storyboard;
			sourceTree = "<group>";
		};
/* End PBXVariantGroup section */

/* Begin XCBuildConfiguration section */
		493C28A32449085A00985DC4 /* Debug */ = {
			isa = XCBuildConfiguration;
			buildSettings = {
				ALWAYS_SEARCH_USER_PATHS = NO;
				CLANG_ANALYZER_NONNULL = YES;
				CLANG_ANALYZER_NUMBER_OBJECT_CONVERSION = YES_AGGRESSIVE;
				CLANG_CXX_LANGUAGE_STANDARD = "gnu++14";
				CLANG_CXX_LIBRARY = "libc++";
				CLANG_ENABLE_MODULES = YES;
				CLANG_ENABLE_OBJC_ARC = YES;
				CLANG_ENABLE_OBJC_WEAK = YES;
				CLANG_WARN_BLOCK_CAPTURE_AUTORELEASING = YES;
				CLANG_WARN_BOOL_CONVERSION = YES;
				CLANG_WARN_COMMA = YES;
				CLANG_WARN_CONSTANT_CONVERSION = YES;
				CLANG_WARN_DEPRECATED_OBJC_IMPLEMENTATIONS = YES;
				CLANG_WARN_DIRECT_OBJC_ISA_USAGE = YES_ERROR;
				CLANG_WARN_DOCUMENTATION_COMMENTS = YES;
				CLANG_WARN_EMPTY_BODY = YES;
				CLANG_WARN_ENUM_CONVERSION = YES;
				CLANG_WARN_INFINITE_RECURSION = YES;
				CLANG_WARN_INT_CONVERSION = YES;
				CLANG_WARN_NON_LITERAL_NULL_CONVERSION = YES;
				CLANG_WARN_OBJC_IMPLICIT_RETAIN_SELF = YES;
				CLANG_WARN_OBJC_LITERAL_CONVERSION = YES;
				CLANG_WARN_OBJC_ROOT_CLASS = YES_ERROR;
				CLANG_WARN_RANGE_LOOP_ANALYSIS = YES;
				CLANG_WARN_STRICT_PROTOTYPES = YES;
				CLANG_WARN_SUSPICIOUS_MOVE = YES;
				CLANG_WARN_UNGUARDED_AVAILABILITY = YES_AGGRESSIVE;
				CLANG_WARN_UNREACHABLE_CODE = YES;
				CLANG_WARN__DUPLICATE_METHOD_MATCH = YES;
				COPY_PHASE_STRIP = NO;
				DEBUG_INFORMATION_FORMAT = dwarf;
				ENABLE_STRICT_OBJC_MSGSEND = YES;
				ENABLE_TESTABILITY = YES;
				GCC_C_LANGUAGE_STANDARD = gnu11;
				GCC_DYNAMIC_NO_PIC = NO;
				GCC_NO_COMMON_BLOCKS = YES;
				GCC_OPTIMIZATION_LEVEL = 0;
				GCC_PREPROCESSOR_DEFINITIONS = (
					"DEBUG=1",
					"$(inherited)",
				);
				GCC_WARN_64_TO_32_BIT_CONVERSION = YES;
				GCC_WARN_ABOUT_RETURN_TYPE = YES_ERROR;
				GCC_WARN_UNDECLARED_SELECTOR = YES;
				GCC_WARN_UNINITIALIZED_AUTOS = YES_AGGRESSIVE;
				GCC_WARN_UNUSED_FUNCTION = YES;
				GCC_WARN_UNUSED_VARIABLE = YES;
				IPHONEOS_DEPLOYMENT_TARGET = 13.4;
				MTL_ENABLE_DEBUG_INFO = INCLUDE_SOURCE;
				MTL_FAST_MATH = YES;
				ONLY_ACTIVE_ARCH = YES;
				SDKROOT = iphoneos;
				SWIFT_ACTIVE_COMPILATION_CONDITIONS = DEBUG;
				SWIFT_OPTIMIZATION_LEVEL = "-Onone";
			};
			name = Debug;
		};
		493C28A42449085A00985DC4 /* Release */ = {
			isa = XCBuildConfiguration;
			buildSettings = {
				ALWAYS_SEARCH_USER_PATHS = NO;
				CLANG_ANALYZER_NONNULL = YES;
				CLANG_ANALYZER_NUMBER_OBJECT_CONVERSION = YES_AGGRESSIVE;
				CLANG_CXX_LANGUAGE_STANDARD = "gnu++14";
				CLANG_CXX_LIBRARY = "libc++";
				CLANG_ENABLE_MODULES = YES;
				CLANG_ENABLE_OBJC_ARC = YES;
				CLANG_ENABLE_OBJC_WEAK = YES;
				CLANG_WARN_BLOCK_CAPTURE_AUTORELEASING = YES;
				CLANG_WARN_BOOL_CONVERSION = YES;
				CLANG_WARN_COMMA = YES;
				CLANG_WARN_CONSTANT_CONVERSION = YES;
				CLANG_WARN_DEPRECATED_OBJC_IMPLEMENTATIONS = YES;
				CLANG_WARN_DIRECT_OBJC_ISA_USAGE = YES_ERROR;
				CLANG_WARN_DOCUMENTATION_COMMENTS = YES;
				CLANG_WARN_EMPTY_BODY = YES;
				CLANG_WARN_ENUM_CONVERSION = YES;
				CLANG_WARN_INFINITE_RECURSION = YES;
				CLANG_WARN_INT_CONVERSION = YES;
				CLANG_WARN_NON_LITERAL_NULL_CONVERSION = YES;
				CLANG_WARN_OBJC_IMPLICIT_RETAIN_SELF = YES;
				CLANG_WARN_OBJC_LITERAL_CONVERSION = YES;
				CLANG_WARN_OBJC_ROOT_CLASS = YES_ERROR;
				CLANG_WARN_RANGE_LOOP_ANALYSIS = YES;
				CLANG_WARN_STRICT_PROTOTYPES = YES;
				CLANG_WARN_SUSPICIOUS_MOVE = YES;
				CLANG_WARN_UNGUARDED_AVAILABILITY = YES_AGGRESSIVE;
				CLANG_WARN_UNREACHABLE_CODE = YES;
				CLANG_WARN__DUPLICATE_METHOD_MATCH = YES;
				COPY_PHASE_STRIP = NO;
				DEBUG_INFORMATION_FORMAT = "dwarf-with-dsym";
				ENABLE_NS_ASSERTIONS = NO;
				ENABLE_STRICT_OBJC_MSGSEND = YES;
				GCC_C_LANGUAGE_STANDARD = gnu11;
				GCC_NO_COMMON_BLOCKS = YES;
				GCC_WARN_64_TO_32_BIT_CONVERSION = YES;
				GCC_WARN_ABOUT_RETURN_TYPE = YES_ERROR;
				GCC_WARN_UNDECLARED_SELECTOR = YES;
				GCC_WARN_UNINITIALIZED_AUTOS = YES_AGGRESSIVE;
				GCC_WARN_UNUSED_FUNCTION = YES;
				GCC_WARN_UNUSED_VARIABLE = YES;
				IPHONEOS_DEPLOYMENT_TARGET = 13.4;
				MTL_ENABLE_DEBUG_INFO = NO;
				MTL_FAST_MATH = YES;
				SDKROOT = iphoneos;
				SWIFT_COMPILATION_MODE = wholemodule;
				SWIFT_OPTIMIZATION_LEVEL = "-O";
				VALIDATE_PRODUCT = YES;
			};
			name = Release;
		};
		493C28A62449085A00985DC4 /* Debug */ = {
			isa = XCBuildConfiguration;
			buildSettings = {
				ASSETCATALOG_COMPILER_APPICON_NAME = AppIcon;
				CODE_SIGN_STYLE = Automatic;
				INFOPLIST_FILE = lab5/Info.plist;
				LD_RUNPATH_SEARCH_PATHS = (
					"$(inherited)",
					"@executable_path/Frameworks",
				);
				PRODUCT_BUNDLE_IDENTIFIER = com.marcperez.lab5;
				PRODUCT_NAME = "$(TARGET_NAME)";
				SWIFT_VERSION = 5.0;
				TARGETED_DEVICE_FAMILY = "1,2";
			};
			name = Debug;
		};
		493C28A72449085A00985DC4 /* Release */ = {
			isa = XCBuildConfiguration;
			buildSettings = {
				ASSETCATALOG_COMPILER_APPICON_NAME = AppIcon;
				CODE_SIGN_STYLE = Automatic;
				INFOPLIST_FILE = lab5/Info.plist;
				LD_RUNPATH_SEARCH_PATHS = (
					"$(inherited)",
					"@executable_path/Frameworks",
				);
				PRODUCT_BUNDLE_IDENTIFIER = com.marcperez.lab5;
				PRODUCT_NAME = "$(TARGET_NAME)";
				SWIFT_VERSION = 5.0;
				TARGETED_DEVICE_FAMILY = "1,2";
			};
			name = Release;
		};
		493C28A92449085A00985DC4 /* Debug */ = {
			isa = XCBuildConfiguration;
			buildSettings = {
				ALWAYS_EMBED_SWIFT_STANDARD_LIBRARIES = YES;
				BUNDLE_LOADER = "$(TEST_HOST)";
				CODE_SIGN_STYLE = Automatic;
				INFOPLIST_FILE = lab5Tests/Info.plist;
				IPHONEOS_DEPLOYMENT_TARGET = 13.4;
				LD_RUNPATH_SEARCH_PATHS = (
					"$(inherited)",
					"@executable_path/Frameworks",
					"@loader_path/Frameworks",
				);
				PRODUCT_BUNDLE_IDENTIFIER = com.marcperez.lab5Tests;
				PRODUCT_NAME = "$(TARGET_NAME)";
				SWIFT_VERSION = 5.0;
				TARGETED_DEVICE_FAMILY = "1,2";
				TEST_HOST = "$(BUILT_PRODUCTS_DIR)/lab5.app/lab5";
			};
			name = Debug;
		};
		493C28AA2449085A00985DC4 /* Release */ = {
			isa = XCBuildConfiguration;
			buildSettings = {
				ALWAYS_EMBED_SWIFT_STANDARD_LIBRARIES = YES;
				BUNDLE_LOADER = "$(TEST_HOST)";
				CODE_SIGN_STYLE = Automatic;
				INFOPLIST_FILE = lab5Tests/Info.plist;
				IPHONEOS_DEPLOYMENT_TARGET = 13.4;
				LD_RUNPATH_SEARCH_PATHS = (
					"$(inherited)",
					"@executable_path/Frameworks",
					"@loader_path/Frameworks",
				);
				PRODUCT_BUNDLE_IDENTIFIER = com.marcperez.lab5Tests;
				PRODUCT_NAME = "$(TARGET_NAME)";
				SWIFT_VERSION = 5.0;
				TARGETED_DEVICE_FAMILY = "1,2";
				TEST_HOST = "$(BUILT_PRODUCTS_DIR)/lab5.app/lab5";
			};
			name = Release;
		};
		493C28AC2449085A00985DC4 /* Debug */ = {
			isa = XCBuildConfiguration;
			buildSettings = {
				ALWAYS_EMBED_SWIFT_STANDARD_LIBRARIES = YES;
				CODE_SIGN_STYLE = Automatic;
				INFOPLIST_FILE = lab5UITests/Info.plist;
				LD_RUNPATH_SEARCH_PATHS = (
					"$(inherited)",
					"@executable_path/Frameworks",
					"@loader_path/Frameworks",
				);
				PRODUCT_BUNDLE_IDENTIFIER = com.marcperez.lab5UITests;
				PRODUCT_NAME = "$(TARGET_NAME)";
				SWIFT_VERSION = 5.0;
				TARGETED_DEVICE_FAMILY = "1,2";
				TEST_TARGET_NAME = lab5;
			};
			name = Debug;
		};
		493C28AD2449085A00985DC4 /* Release */ = {
			isa = XCBuildConfiguration;
			buildSettings = {
				ALWAYS_EMBED_SWIFT_STANDARD_LIBRARIES = YES;
				CODE_SIGN_STYLE = Automatic;
				INFOPLIST_FILE = lab5UITests/Info.plist;
				LD_RUNPATH_SEARCH_PATHS = (
					"$(inherited)",
					"@executable_path/Frameworks",
					"@loader_path/Frameworks",
				);
				PRODUCT_BUNDLE_IDENTIFIER = com.marcperez.lab5UITests;
				PRODUCT_NAME = "$(TARGET_NAME)";
				SWIFT_VERSION = 5.0;
				TARGETED_DEVICE_FAMILY = "1,2";
				TEST_TARGET_NAME = lab5;
			};
			name = Release;
		};
/* End XCBuildConfiguration section */

/* Begin XCConfigurationList section */
		493C28762449085400985DC4 /* Build configuration list for PBXProject "lab5" */ = {
			isa = XCConfigurationList;
			buildConfigurations = (
				493C28A32449085A00985DC4 /* Debug */,
				493C28A42449085A00985DC4 /* Release */,
			);
			defaultConfigurationIsVisible = 0;
			defaultConfigurationName = Release;
		};
		493C28A52449085A00985DC4 /* Build configuration list for PBXNativeTarget "lab5" */ = {
			isa = XCConfigurationList;
			buildConfigurations = (
				493C28A62449085A00985DC4 /* Debug */,
				493C28A72449085A00985DC4 /* Release */,
			);
			defaultConfigurationIsVisible = 0;
			defaultConfigurationName = Release;
		};
		493C28A82449085A00985DC4 /* Build configuration list for PBXNativeTarget "lab5Tests" */ = {
			isa = XCConfigurationList;
			buildConfigurations = (
				493C28A92449085A00985DC4 /* Debug */,
				493C28AA2449085A00985DC4 /* Release */,
			);
			defaultConfigurationIsVisible = 0;
			defaultConfigurationName = Release;
		};
		493C28AB2449085A00985DC4 /* Build configuration list for PBXNativeTarget "lab5UITests" */ = {
			isa = XCConfigurationList;
			buildConfigurations = (
				493C28AC2449085A00985DC4 /* Debug */,
				493C28AD2449085A00985DC4 /* Release */,
			);
			defaultConfigurationIsVisible = 0;
			defaultConfigurationName = Release;
		};
/* End XCConfigurationList section */
	};
	rootObject = 493C28732449085400985DC4 /* Project object */;
}
